
Microsoft Visual Studio Solution File, Format Version 12.00
# Visual Studio Version 17
VisualStudioVersion = 17.0.31903.59
MinimumVisualStudioVersion = 10.0.40219.1
Project("{2150E333-8FDC-42A3-9474-1A3956D46DE8}") = "src", "src", "{827E0CD3-B72D-47B6-A68D-7590B98EB39B}"
EndProject
Project("{FAE04EC0-301F-11D3-BF4B-00C04F79EFBC}") = "AiCostMonitor.Api", "src\AiCostMonitor.Api\AiCostMonitor.Api.csproj", "{14A9AECE-7404-4B66-97C5-AC77883225CC}"
EndProject
Project("{FAE04EC0-301F-11D3-BF4B-00C04F79EFBC}") = "AiCostMonitor.Core", "src\AiCostMonitor.Core\AiCostMonitor.Core.csproj", "{36EA3F51-35B7-4C72-A34F-478510BD5274}"
EndProject
Project("{FAE04EC0-301F-11D3-BF4B-00C04F79EFBC}") = "AiCostMonitor.Shared", "src\AiCostMonitor.Shared\AiCostMonitor.Shared.csproj", "{EE6A1B84-1DC3-4A7D-A02E-0CE88C9907F4}"
EndProject
Project("{FAE04EC0-301F-11D3-BF4B-00C04F79EFBC}") = "AiCostMonitor.Web", "src\AiCostMonitor.Web\AiCostMonitor.Web.csproj", "{A2F87498-36A1-4042-B718-F33F38F146AD}"
EndProject
Project("{FAE04EC0-301F-11D3-BF4B-00C04F79EFBC}") = "AiCostMonitor.Tests", "tests\AiCostMonitor.Tests\AiCostMonitor.Tests.csproj", "{0D255132-49A3-432D-96CB-84A2EFD8B19F}"
EndProject
Global
	GlobalSection(SolutionConfigurationPlatforms) = preSolution
		Debug|Any CPU = Debug|Any CPU
		Debug|x64 = Debug|x64
		Debug|x86 = Debug|x86
		Release|Any CPU = Release|Any CPU
		Release|x64 = Release|x64
		Release|x86 = Release|x86
	EndGlobalSection
	GlobalSection(ProjectConfigurationPlatforms) = postSolution
		{14A9AECE-7404-4B66-97C5-AC77883225CC}.Debug|Any CPU.ActiveCfg = Debug|Any CPU
		{14A9AECE-7404-4B66-97C5-AC77883225CC}.Debug|Any CPU.Build.0 = Debug|Any CPU
		{14A9AECE-7404-4B66-97C5-AC77883225CC}.Debug|x64.ActiveCfg = Debug|Any CPU
		{14A9AECE-7404-4B66-97C5-AC77883225CC}.Debug|x64.Build.0 = Debug|Any CPU
		{14A9AECE-7404-4B66-97C5-AC77883225CC}.Debug|x86.ActiveCfg = Debug|Any CPU
		{14A9AECE-7404-4B66-97C5-AC77883225CC}.Debug|x86.Build.0 = Debug|Any CPU
		{14A9AECE-7404-4B66-97C5-AC77883225CC}.Release|Any CPU.ActiveCfg = Release|Any CPU
		{14A9AECE-7404-4B66-97C5-AC77883225CC}.Release|Any CPU.Build.0 = Release|Any CPU
		{14A9AECE-7404-4B66-97C5-AC77883225CC}.Release|x64.ActiveCfg = Release|Any CPU
		{14A9AECE-7404-4B66-97C5-AC77883225CC}.Release|x64.Build.0 = Release|Any CPU
		{14A9AECE-7404-4B66-97C5-AC77883225CC}.Release|x86.ActiveCfg = Release|Any CPU
		{14A9AECE-7404-4B66-97C5-AC77883225CC}.Release|x86.Build.0 = Release|Any CPU
		{36EA3F51-35B7-4C72-A34F-478510BD5274}.Debug|Any CPU.ActiveCfg = Debug|Any CPU
		{36EA3F51-35B7-4C72-A34F-478510BD5274}.Debug|Any CPU.Build.0 = Debug|Any CPU
		{36EA3F51-35B7-4C72-A34F-478510BD5274}.Debug|x64.ActiveCfg = Debug|Any CPU
		{36EA3F51-35B7-4C72-A34F-478510BD5274}.Debug|x64.Build.0 = Debug|Any CPU
		{36EA3F51-35B7-4C72-A34F-478510BD5274}.Debug|x86.ActiveCfg = Debug|Any CPU
		{36EA3F51-35B7-4C72-A34F-478510BD5274}.Debug|x86.Build.0 = Debug|Any CPU
		{36EA3F51-35B7-4C72-A34F-478510BD5274}.Release|Any CPU.ActiveCfg = Release|Any CPU
		{36EA3F51-35B7-4C72-A34F-478510BD5274}.Release|Any CPU.Build.0 = Release|Any CPU
		{36EA3F51-35B7-4C72-A34F-478510BD5274}.Release|x64.ActiveCfg = Release|Any CPU
		{36EA3F51-35B7-4C72-A34F-478510BD5274}.Release|x64.Build.0 = Release|Any CPU
		{36EA3F51-35B7-4C72-A34F-478510BD5274}.Release|x86.ActiveCfg = Release|Any CPU
		{36EA3F51-35B7-4C72-A34F-478510BD5274}.Release|x86.Build.0 = Release|Any CPU
		{EE6A1B84-1DC3-4A7D-A02E-0CE88C9907F4}.Debug|Any CPU.ActiveCfg = Debug|Any CPU
		{EE6A1B84-1DC3-4A7D-A02E-0CE88C9907F4}.Debug|Any CPU.Build.0 = Debug|Any CPU
		{EE6A1B84-1DC3-4A7D-A02E-0CE88C9907F4}.Debug|x64.ActiveCfg = Debug|Any CPU
		{EE6A1B84-1DC3-4A7D-A02E-0CE88C9907F4}.Debug|x64.Build.0 = Debug|Any CPU
		{EE6A1B84-1DC3-4A7D-A02E-0CE88C9907F4}.Debug|x86.ActiveCfg = Debug|Any CPU
		{EE6A1B84-1DC3-4A7D-A02E-0CE88C9907F4}.Debug|x86.Build.0 = Debug|Any CPU
		{EE6A1B84-1DC3-4A7D-A02E-0CE88C9907F4}.Release|Any CPU.ActiveCfg = Release|Any CPU
		{EE6A1B84-1DC3-4A7D-A02E-0CE88C9907F4}.Release|Any CPU.Build.0 = Release|Any CPU
		{EE6A1B84-1DC3-4A7D-A02E-0CE88C9907F4}.Release|x64.ActiveCfg = Release|Any CPU
		{EE6A1B84-1DC3-4A7D-A02E-0CE88C9907F4}.Release|x64.Build.0 = Release|Any CPU
		{EE6A1B84-1DC3-4A7D-A02E-0CE88C9907F4}.Release|x86.ActiveCfg = Release|Any CPU
		{EE6A1B84-1DC3-4A7D-A02E-0CE88C9907F4}.Release|x86.Build.0 = Release|Any CPU
		{A2F87498-36A1-4042-B718-F33F38F146AD}.Debug|Any CPU.ActiveCfg = Debug|Any CPU
		{A2F87498-36A1-4042-B718-F33F38F146AD}.Debug|Any CPU.Build.0 = Debug|Any CPU
		{A2F87498-36A1-4042-B718-F33F38F146AD}.Debug|x64.ActiveCfg = Debug|Any CPU
		{A2F87498-36A1-4042-B718-F33F38F146AD}.Debug|x64.Build.0 = Debug|Any CPU
		{A2F87498-36A1-4042-B718-F33F38F146AD}.Debug|x86.ActiveCfg = Debug|Any CPU
		{A2F87498-36A1-4042-B718-F33F38F146AD}.Debug|x86.Build.0 = Debug|Any CPU
		{A2F87498-36A1-4042-B718-F33F38F146AD}.Release|Any CPU.ActiveCfg = Release|Any CPU
		{A2F87498-36A1-4042-B718-F33F38F146AD}.Release|Any CPU.Build.0 = Release|Any CPU
		{A2F87498-36A1-4042-B718-F33F38F146AD}.Release|x64.ActiveCfg = Release|Any CPU
		{A2F87498-36A1-4042-B718-F33F38F146AD}.Release|x64.Build.0 = Release|Any CPU
		{A2F87498-36A1-4042-B718-F33F38F146AD}.Release|x86.ActiveCfg = Release|Any CPU
		{A2F87498-36A1-4042-B718-F33F38F146AD}.Release|x86.Build.0 = Release|Any CPU
		{0D255132-49A3-432D-96CB-84A2EFD8B19F}.Debug|Any CPU.ActiveCfg = Debug|Any CPU
		{0D255132-49A3-432D-96CB-84A2EFD8B19F}.Debug|Any CPU.Build.0 = Debug|Any CPU
		{0D255132-49A3-432D-96CB-84A2EFD8B19F}.Debug|x64.ActiveCfg = Debug|Any CPU
		{0D255132-49A3-432D-96CB-84A2EFD8B19F}.Debug|x64.Build.0 = Debug|Any CPU
		{0D255132-49A3-432D-96CB-84A2EFD8B19F}.Debug|x86.ActiveCfg = Debug|Any CPU
		{0D255132-49A3-432D-96CB-84A2EFD8B19F}.Debug|x86.Build.0 = Debug|Any CPU
		{0D255132-49A3-432D-96CB-84A2EFD8B19F}.Release|Any CPU.ActiveCfg = Release|Any CPU
		{0D255132-49A3-432D-96CB-84A2EFD8B19F}.Release|Any CPU.Build.0 = Release|Any CPU
		{0D255132-49A3-432D-96CB-84A2EFD8B19F}.Release|x64.ActiveCfg = Release|Any CPU
		{0D255132-49A3-432D-96CB-84A2EFD8B19F}.Release|x64.Build.0 = Release|Any CPU
		{0D255132-49A3-432D-96CB-84A2EFD8B19F}.Release|x86.ActiveCfg = Release|Any CPU
		{0D255132-49A3-432D-96CB-84A2EFD8B19F}.Release|x86.Build.0 = Release|Any CPU
	EndGlobalSection
	GlobalSection(SolutionProperties) = preSolution
		HideSolutionNode = FALSE
	EndGlobalSection
	GlobalSection(NestedProjects) = preSolution
		{14A9AECE-7404-4B66-97C5-AC77883225CC} = {827E0CD3-B72D-47B6-A68D-7590B98EB39B}
		{36EA3F51-35B7-4C72-A34F-478510BD5274} = {827E0CD3-B72D-47B6-A68D-7590B98EB39B}
		{EE6A1B84-1DC3-4A7D-A02E-0CE88C9907F4} = {827E0CD3-B72D-47B6-A68D-7590B98EB39B}
		{A2F87498-36A1-4042-B718-F33F38F146AD} = {827E0CD3-B72D-47B6-A68D-7590B98EB39B}
		{0D255132-49A3-432D-96CB-84A2EFD8B19F} = {827E0CD3-B72D-47B6-A68D-7590B98EB39B}
	EndGlobalSection
EndGlobal
